
Microsoft Visual Studio Solution File, Format Version 12.00
# Visual Studio Version 16
VisualStudioVersion = 16.0.31409.214
MinimumVisualStudioVersion = 10.0.40219.1
Project("{9A19103F-16F7-4668-BE54-9A1E7A4F7556}") = "ConsoleDemo1", "ConsoleDemo1\ConsoleDemo1.csproj", "{D9756452-BA5F-4E63-9AC7-FBF78DABE1BE}"
EndProject
Project("{9A19103F-16F7-4668-BE54-9A1E7A4F7556}") = "ReadDemo", "ReadDemo\ReadDemo.csproj", "{AC3C50FB-BD99-4F00-9010-158241C60DD0}"
EndProject
Project("{9A19103F-16F7-4668-BE54-9A1E7A4F7556}") = "LoopDemo", "LoopDemo\LoopDemo.csproj", "{078C474E-1290-451D-BD15-B1F7BAAC672E}"
EndProject
Project("{9A19103F-16F7-4668-BE54-9A1E7A4F7556}") = "Lab2_1", "Lab2_1\Lab2_1.csproj", "{02F5F0A6-2E21-4A0F-9156-B341A40EEBC2}"
EndProject
Project("{9A19103F-16F7-4668-BE54-9A1E7A4F7556}") = "ForDemo1", "ForDemo1\ForDemo1.csproj", "{1D4FE274-B648-49A0-9CF1-DCDEDD6FD497}"
EndProject
Project("{9A19103F-16F7-4668-BE54-9A1E7A4F7556}") = "WhileDemo1", "WhileDemo1\WhileDemo1.csproj", "{7859C10D-32E1-4D6B-9F48-D4EA15FC7FEC}"
EndProject
Project("{9A19103F-16F7-4668-BE54-9A1E7A4F7556}") = "DoWhileDemo", "DoWhileDemo\DoWhileDemo.csproj", "{70C15F7A-8DB6-491B-9CEA-AE06F2320592}"
EndProject
Project("{9A19103F-16F7-4668-BE54-9A1E7A4F7556}") = "MethodDemo1", "MethodDemo1\MethodDemo1.csproj", "{E91D56DE-D614-4A3A-9D70-2E8C906F9892}"
EndProject
Project("{9A19103F-16F7-4668-BE54-9A1E7A4F7556}") = "ContinueDemo", "ContinueDemo\ContinueDemo.csproj", "{33930ABC-FAB5-490E-A5F2-6C7AC44DADAB}"
EndProject
Project("{9A19103F-16F7-4668-BE54-9A1E7A4F7556}") = "Lab2_2", "Lab2_2\Lab2_2.csproj", "{D3F011A8-56E8-4F7D-97D4-3597B38430E0}"
EndProject
Project("{9A19103F-16F7-4668-BE54-9A1E7A4F7556}") = "Lab2_1_JeffVersion", "Lab2_1_JeffVersion\Lab2_1_JeffVersion.csproj", "{6B1AE798-123C-4A26-8112-C74A0515D8B9}"
EndProject
Project("{9A19103F-16F7-4668-BE54-9A1E7A4F7556}") = "FunctionPractice", "FunctionPractice\FunctionPractice.csproj", "{CBA62CCB-774C-4E94-B7BB-70F118BAC1DE}"
EndProject
Project("{9A19103F-16F7-4668-BE54-9A1E7A4F7556}") = "TryParseDemo", "TryParseDemo\TryParseDemo.csproj", "{4BE0EF65-2F27-4760-9D13-0E1A379BCA85}"
EndProject
Project("{9A19103F-16F7-4668-BE54-9A1E7A4F7556}") = "TryParseDemo2", "TryParseDemo2\TryParseDemo2.csproj", "{F62EC76B-26A4-483C-A3F4-7043E4D6C10B}"
EndProject
Project("{9A19103F-16F7-4668-BE54-9A1E7A4F7556}") = "Ex_13", "Ex_13\Ex_13.csproj", "{8AA16F00-DBE8-419D-BE44-D8139DED81EC}"
EndProject
Project("{9A19103F-16F7-4668-BE54-9A1E7A4F7556}") = "Ex_14", "Ex_14\Ex_14.csproj", "{836DC9EA-F9B0-41FC-B5C8-5B3415556CB4}"
EndProject
Project("{9A19103F-16F7-4668-BE54-9A1E7A4F7556}") = "Ex_15", "Ex_15\Ex_15.csproj", "{5BF2F077-9FB2-45CF-9C5C-506F5920998E}"
EndProject
Project("{9A19103F-16F7-4668-BE54-9A1E7A4F7556}") = "Ex_16", "Ex_16\Ex_16.csproj", "{3582343F-7586-4AA2-8D69-EC5B3D0FEBC0}"
EndProject
Project("{9A19103F-16F7-4668-BE54-9A1E7A4F7556}") = "Ex_17", "Ex_17\Ex_17.csproj", "{0B9C65DA-71BA-43B0-AB45-BBEFCAAEDB7F}"
EndProject
Project("{9A19103F-16F7-4668-BE54-9A1E7A4F7556}") = "Ex_18", "Ex_18\Ex_18.csproj", "{24CEF83B-9041-49D0-B71A-64D4842AB37D}"
EndProject
Project("{9A19103F-16F7-4668-BE54-9A1E7A4F7556}") = "Ex_19", "Ex_19\Ex_19.csproj", "{BCB6072F-DF0C-451A-A2FC-767159732EBC}"
EndProject
Project("{9A19103F-16F7-4668-BE54-9A1E7A4F7556}") = "Assessment_1", "Assessment_1\Assessment_1.csproj", "{C561CBAB-3D9F-405D-92CB-3AC93DE18E8B}"
EndProject
Project("{9A19103F-16F7-4668-BE54-9A1E7A4F7556}") = "Assessment_1_After", "Assessment_1_After\Assessment_1_After.csproj", "{F3589E0C-E65E-4E8E-9F88-7EFDEC57D674}"
EndProject
Project("{9A19103F-16F7-4668-BE54-9A1E7A4F7556}") = "Ex_20", "Ex_20\Ex_20.csproj", "{8A050874-E505-4B0F-947A-605460015517}"
EndProject
Project("{FAE04EC0-301F-11D3-BF4B-00C04F79EFBC}") = "Ex_21", "Ex_21\Ex_21.csproj", "{B586F598-9E49-4D20-81F6-A392CFF35CB3}"
EndProject
Global
	GlobalSection(SolutionConfigurationPlatforms) = preSolution
		Debug|Any CPU = Debug|Any CPU
		Release|Any CPU = Release|Any CPU
	EndGlobalSection
	GlobalSection(ProjectConfigurationPlatforms) = postSolution
		{D9756452-BA5F-4E63-9AC7-FBF78DABE1BE}.Debug|Any CPU.ActiveCfg = Debug|Any CPU
		{D9756452-BA5F-4E63-9AC7-FBF78DABE1BE}.Debug|Any CPU.Build.0 = Debug|Any CPU
		{D9756452-BA5F-4E63-9AC7-FBF78DABE1BE}.Release|Any CPU.ActiveCfg = Release|Any CPU
		{D9756452-BA5F-4E63-9AC7-FBF78DABE1BE}.Release|Any CPU.Build.0 = Release|Any CPU
		{AC3C50FB-BD99-4F00-9010-158241C60DD0}.Debug|Any CPU.ActiveCfg = Debug|Any CPU
		{AC3C50FB-BD99-4F00-9010-158241C60DD0}.Debug|Any CPU.Build.0 = Debug|Any CPU
		{AC3C50FB-BD99-4F00-9010-158241C60DD0}.Release|Any CPU.ActiveCfg = Release|Any CPU
		{AC3C50FB-BD99-4F00-9010-158241C60DD0}.Release|Any CPU.Build.0 = Release|Any CPU
		{078C474E-1290-451D-BD15-B1F7BAAC672E}.Debug|Any CPU.ActiveCfg = Debug|Any CPU
		{078C474E-1290-451D-BD15-B1F7BAAC672E}.Debug|Any CPU.Build.0 = Debug|Any CPU
		{078C474E-1290-451D-BD15-B1F7BAAC672E}.Release|Any CPU.ActiveCfg = Release|Any CPU
		{078C474E-1290-451D-BD15-B1F7BAAC672E}.Release|Any CPU.Build.0 = Release|Any CPU
		{02F5F0A6-2E21-4A0F-9156-B341A40EEBC2}.Debug|Any CPU.ActiveCfg = Debug|Any CPU
		{02F5F0A6-2E21-4A0F-9156-B341A40EEBC2}.Debug|Any CPU.Build.0 = Debug|Any CPU
		{02F5F0A6-2E21-4A0F-9156-B341A40EEBC2}.Release|Any CPU.ActiveCfg = Release|Any CPU
		{02F5F0A6-2E21-4A0F-9156-B341A40EEBC2}.Release|Any CPU.Build.0 = Release|Any CPU
		{1D4FE274-B648-49A0-9CF1-DCDEDD6FD497}.Debug|Any CPU.ActiveCfg = Debug|Any CPU
		{1D4FE274-B648-49A0-9CF1-DCDEDD6FD497}.Debug|Any CPU.Build.0 = Debug|Any CPU
		{1D4FE274-B648-49A0-9CF1-DCDEDD6FD497}.Release|Any CPU.ActiveCfg = Release|Any CPU
		{1D4FE274-B648-49A0-9CF1-DCDEDD6FD497}.Release|Any CPU.Build.0 = Release|Any CPU
		{7859C10D-32E1-4D6B-9F48-D4EA15FC7FEC}.Debug|Any CPU.ActiveCfg = Debug|Any CPU
		{7859C10D-32E1-4D6B-9F48-D4EA15FC7FEC}.Debug|Any CPU.Build.0 = Debug|Any CPU
		{7859C10D-32E1-4D6B-9F48-D4EA15FC7FEC}.Release|Any CPU.ActiveCfg = Release|Any CPU
		{7859C10D-32E1-4D6B-9F48-D4EA15FC7FEC}.Release|Any CPU.Build.0 = Release|Any CPU
		{70C15F7A-8DB6-491B-9CEA-AE06F2320592}.Debug|Any CPU.ActiveCfg = Debug|Any CPU
		{70C15F7A-8DB6-491B-9CEA-AE06F2320592}.Debug|Any CPU.Build.0 = Debug|Any CPU
		{70C15F7A-8DB6-491B-9CEA-AE06F2320592}.Release|Any CPU.ActiveCfg = Release|Any CPU
		{70C15F7A-8DB6-491B-9CEA-AE06F2320592}.Release|Any CPU.Build.0 = Release|Any CPU
		{E91D56DE-D614-4A3A-9D70-2E8C906F9892}.Debug|Any CPU.ActiveCfg = Debug|Any CPU
		{E91D56DE-D614-4A3A-9D70-2E8C906F9892}.Debug|Any CPU.Build.0 = Debug|Any CPU
		{E91D56DE-D614-4A3A-9D70-2E8C906F9892}.Release|Any CPU.ActiveCfg = Release|Any CPU
		{E91D56DE-D614-4A3A-9D70-2E8C906F9892}.Release|Any CPU.Build.0 = Release|Any CPU
		{33930ABC-FAB5-490E-A5F2-6C7AC44DADAB}.Debug|Any CPU.ActiveCfg = Debug|Any CPU
		{33930ABC-FAB5-490E-A5F2-6C7AC44DADAB}.Debug|Any CPU.Build.0 = Debug|Any CPU
		{33930ABC-FAB5-490E-A5F2-6C7AC44DADAB}.Release|Any CPU.ActiveCfg = Release|Any CPU
		{33930ABC-FAB5-490E-A5F2-6C7AC44DADAB}.Release|Any CPU.Build.0 = Release|Any CPU
		{D3F011A8-56E8-4F7D-97D4-3597B38430E0}.Debug|Any CPU.ActiveCfg = Debug|Any CPU
		{D3F011A8-56E8-4F7D-97D4-3597B38430E0}.Debug|Any CPU.Build.0 = Debug|Any CPU
		{D3F011A8-56E8-4F7D-97D4-3597B38430E0}.Release|Any CPU.ActiveCfg = Release|Any CPU
		{D3F011A8-56E8-4F7D-97D4-3597B38430E0}.Release|Any CPU.Build.0 = Release|Any CPU
		{6B1AE798-123C-4A26-8112-C74A0515D8B9}.Debug|Any CPU.ActiveCfg = Debug|Any CPU
		{6B1AE798-123C-4A26-8112-C74A0515D8B9}.Debug|Any CPU.Build.0 = Debug|Any CPU
		{6B1AE798-123C-4A26-8112-C74A0515D8B9}.Release|Any CPU.ActiveCfg = Release|Any CPU
		{6B1AE798-123C-4A26-8112-C74A0515D8B9}.Release|Any CPU.Build.0 = Release|Any CPU
		{CBA62CCB-774C-4E94-B7BB-70F118BAC1DE}.Debug|Any CPU.ActiveCfg = Debug|Any CPU
		{CBA62CCB-774C-4E94-B7BB-70F118BAC1DE}.Debug|Any CPU.Build.0 = Debug|Any CPU
		{CBA62CCB-774C-4E94-B7BB-70F118BAC1DE}.Release|Any CPU.ActiveCfg = Release|Any CPU
		{CBA62CCB-774C-4E94-B7BB-70F118BAC1DE}.Release|Any CPU.Build.0 = Release|Any CPU
		{4BE0EF65-2F27-4760-9D13-0E1A379BCA85}.Debug|Any CPU.ActiveCfg = Debug|Any CPU
		{4BE0EF65-2F27-4760-9D13-0E1A379BCA85}.Debug|Any CPU.Build.0 = Debug|Any CPU
		{4BE0EF65-2F27-4760-9D13-0E1A379BCA85}.Release|Any CPU.ActiveCfg = Release|Any CPU
		{4BE0EF65-2F27-4760-9D13-0E1A379BCA85}.Release|Any CPU.Build.0 = Release|Any CPU
		{F62EC76B-26A4-483C-A3F4-7043E4D6C10B}.Debug|Any CPU.ActiveCfg = Debug|Any CPU
		{F62EC76B-26A4-483C-A3F4-7043E4D6C10B}.Debug|Any CPU.Build.0 = Debug|Any CPU
		{F62EC76B-26A4-483C-A3F4-7043E4D6C10B}.Release|Any CPU.ActiveCfg = Release|Any CPU
		{F62EC76B-26A4-483C-A3F4-7043E4D6C10B}.Release|Any CPU.Build.0 = Release|Any CPU
		{8AA16F00-DBE8-419D-BE44-D8139DED81EC}.Debug|Any CPU.ActiveCfg = Debug|Any CPU
		{8AA16F00-DBE8-419D-BE44-D8139DED81EC}.Debug|Any CPU.Build.0 = Debug|Any CPU
		{8AA16F00-DBE8-419D-BE44-D8139DED81EC}.Release|Any CPU.ActiveCfg = Release|Any CPU
		{8AA16F00-DBE8-419D-BE44-D8139DED81EC}.Release|Any CPU.Build.0 = Release|Any CPU
		{836DC9EA-F9B0-41FC-B5C8-5B3415556CB4}.Debug|Any CPU.ActiveCfg = Debug|Any CPU
		{836DC9EA-F9B0-41FC-B5C8-5B3415556CB4}.Debug|Any CPU.Build.0 = Debug|Any CPU
		{836DC9EA-F9B0-41FC-B5C8-5B3415556CB4}.Release|Any CPU.ActiveCfg = Release|Any CPU
		{836DC9EA-F9B0-41FC-B5C8-5B3415556CB4}.Release|Any CPU.Build.0 = Release|Any CPU
		{5BF2F077-9FB2-45CF-9C5C-506F5920998E}.Debug|Any CPU.ActiveCfg = Debug|Any CPU
		{5BF2F077-9FB2-45CF-9C5C-506F5920998E}.Debug|Any CPU.Build.0 = Debug|Any CPU
		{5BF2F077-9FB2-45CF-9C5C-506F5920998E}.Release|Any CPU.ActiveCfg = Release|Any CPU
		{5BF2F077-9FB2-45CF-9C5C-506F5920998E}.Release|Any CPU.Build.0 = Release|Any CPU
		{3582343F-7586-4AA2-8D69-EC5B3D0FEBC0}.Debug|Any CPU.ActiveCfg = Debug|Any CPU
		{3582343F-7586-4AA2-8D69-EC5B3D0FEBC0}.Debug|Any CPU.Build.0 = Debug|Any CPU
		{3582343F-7586-4AA2-8D69-EC5B3D0FEBC0}.Release|Any CPU.ActiveCfg = Release|Any CPU
		{3582343F-7586-4AA2-8D69-EC5B3D0FEBC0}.Release|Any CPU.Build.0 = Release|Any CPU
		{0B9C65DA-71BA-43B0-AB45-BBEFCAAEDB7F}.Debug|Any CPU.ActiveCfg = Debug|Any CPU
		{0B9C65DA-71BA-43B0-AB45-BBEFCAAEDB7F}.Debug|Any CPU.Build.0 = Debug|Any CPU
		{0B9C65DA-71BA-43B0-AB45-BBEFCAAEDB7F}.Release|Any CPU.ActiveCfg = Release|Any CPU
		{0B9C65DA-71BA-43B0-AB45-BBEFCAAEDB7F}.Release|Any CPU.Build.0 = Release|Any CPU
		{24CEF83B-9041-49D0-B71A-64D4842AB37D}.Debug|Any CPU.ActiveCfg = Debug|Any CPU
		{24CEF83B-9041-49D0-B71A-64D4842AB37D}.Debug|Any CPU.Build.0 = Debug|Any CPU
		{24CEF83B-9041-49D0-B71A-64D4842AB37D}.Release|Any CPU.ActiveCfg = Release|Any CPU
		{24CEF83B-9041-49D0-B71A-64D4842AB37D}.Release|Any CPU.Build.0 = Release|Any CPU
		{BCB6072F-DF0C-451A-A2FC-767159732EBC}.Debug|Any CPU.ActiveCfg = Debug|Any CPU
		{BCB6072F-DF0C-451A-A2FC-767159732EBC}.Debug|Any CPU.Build.0 = Debug|Any CPU
		{BCB6072F-DF0C-451A-A2FC-767159732EBC}.Release|Any CPU.ActiveCfg = Release|Any CPU
		{BCB6072F-DF0C-451A-A2FC-767159732EBC}.Release|Any CPU.Build.0 = Release|Any CPU
		{C561CBAB-3D9F-405D-92CB-3AC93DE18E8B}.Debug|Any CPU.ActiveCfg = Debug|Any CPU
		{C561CBAB-3D9F-405D-92CB-3AC93DE18E8B}.Debug|Any CPU.Build.0 = Debug|Any CPU
		{C561CBAB-3D9F-405D-92CB-3AC93DE18E8B}.Release|Any CPU.ActiveCfg = Release|Any CPU
		{C561CBAB-3D9F-405D-92CB-3AC93DE18E8B}.Release|Any CPU.Build.0 = Release|Any CPU
		{F3589E0C-E65E-4E8E-9F88-7EFDEC57D674}.Debug|Any CPU.ActiveCfg = Debug|Any CPU
		{F3589E0C-E65E-4E8E-9F88-7EFDEC57D674}.Debug|Any CPU.Build.0 = Debug|Any CPU
		{F3589E0C-E65E-4E8E-9F88-7EFDEC57D674}.Release|Any CPU.ActiveCfg = Release|Any CPU
		{F3589E0C-E65E-4E8E-9F88-7EFDEC57D674}.Release|Any CPU.Build.0 = Release|Any CPU
		{8A050874-E505-4B0F-947A-605460015517}.Debug|Any CPU.ActiveCfg = Debug|Any CPU
		{8A050874-E505-4B0F-947A-605460015517}.Debug|Any CPU.Build.0 = Debug|Any CPU
		{8A050874-E505-4B0F-947A-605460015517}.Release|Any CPU.ActiveCfg = Release|Any CPU
		{8A050874-E505-4B0F-947A-605460015517}.Release|Any CPU.Build.0 = Release|Any CPU
		{B586F598-9E49-4D20-81F6-A392CFF35CB3}.Debug|Any CPU.ActiveCfg = Debug|Any CPU
		{B586F598-9E49-4D20-81F6-A392CFF35CB3}.Debug|Any CPU.Build.0 = Debug|Any CPU
		{B586F598-9E49-4D20-81F6-A392CFF35CB3}.Release|Any CPU.ActiveCfg = Release|Any CPU
		{B586F598-9E49-4D20-81F6-A392CFF35CB3}.Release|Any CPU.Build.0 = Release|Any CPU
	EndGlobalSection
	GlobalSection(SolutionProperties) = preSolution
		HideSolutionNode = FALSE
	EndGlobalSection
	GlobalSection(ExtensibilityGlobals) = postSolution
		SolutionGuid = {11C27D0E-56A4-4714-8A02-6DAB879E26FD}
	EndGlobalSection
EndGlobal
